
Microsoft Visual Studio Solution File, Format Version 12.00
# Visual Studio Version 16
VisualStudioVersion = 16.0.29102.190
MinimumVisualStudioVersion = 10.0.40219.1
Project("{2150E333-8FDC-42A3-9474-1A3956D46DE8}") = "1. BO", "1. BO", "{B5BDFB85-51FA-4E28-B692-8BAE7AE33DE0}"
EndProject
Project("{2150E333-8FDC-42A3-9474-1A3956D46DE8}") = "2. DL", "2. DL", "{EE826E82-C3F0-4AEB-9C14-50F8511EAC98}"
EndProject
Project("{2150E333-8FDC-42A3-9474-1A3956D46DE8}") = "3. BL", "3. BL", "{BFC78C08-4B45-4939-B381-B7E7FAAE7C10}"
EndProject
Project("{2150E333-8FDC-42A3-9474-1A3956D46DE8}") = "4. PV", "4. PV", "{9E7F0F48-26EC-4593-9708-13E75DF12802}"
EndProject
Project("{2150E333-8FDC-42A3-9474-1A3956D46DE8}") = "5. UI", "5. UI", "{92C12C49-EC36-4627-AA09-52DB4CB34AAA}"
EndProject
Project("{FAE04EC0-301F-11D3-BF4B-00C04F79EFBC}") = "CMT.BO", "1. BO\CMT.BO\CMT.BO.csproj", "{ED68C3EE-C331-4BE6-8822-C965FE35C658}"
EndProject
Project("{FAE04EC0-301F-11D3-BF4B-00C04F79EFBC}") = "CMT.DL", "2. DL\CMT.DL\CMT.DL.csproj", "{9AFAF5E1-C187-4AC1-B52B-850BEC63A992}"
EndProject
Project("{FAE04EC0-301F-11D3-BF4B-00C04F79EFBC}") = "CMT.BL", "3. BL\CMT.BL\CMT.BL.csproj", "{60D49130-3B29-4EBC-BB41-54B0510F4907}"
EndProject
Project("{2150E333-8FDC-42A3-9474-1A3956D46DE8}") = "6. UT", "6. UT", "{953A901A-1120-4988-A679-886B68E66D91}"
EndProject
Project("{FAE04EC0-301F-11D3-BF4B-00C04F79EFBC}") = "CMT.UT", "6. UT\CMT.UT\CMT.UT.csproj", "{FB52F1B1-44E0-411B-A77E-5184425B23E3}"
EndProject
Project("{FAE04EC0-301F-11D3-BF4B-00C04F79EFBC}") = "CMT", "5. UI\CMT\CMT.csproj", "{E50AC7C0-C63C-46AD-AD0C-3BA1471BBDA8}"
EndProject
Project("{FAE04EC0-301F-11D3-BF4B-00C04F79EFBC}") = "CMT.BL.Core", "3. BL\CMT.BL.Core\CMT.BL.Core.csproj", "{315EA33B-828E-4320-8714-687F288BCCA8}"
EndProject
Project("{2150E333-8FDC-42A3-9474-1A3956D46DE8}") = "Common", "Common", "{2F3DAD75-B17D-4C04-9355-7EB6EAB8E786}"
EndProject
Project("{FAE04EC0-301F-11D3-BF4B-00C04F79EFBC}") = "CMT.Common", "Common\CMT.Common\CMT.Common.csproj", "{62C7A9DD-9B8D-4B33-B7F9-5130387ECC94}"
EndProject
Project("{FAE04EC0-301F-11D3-BF4B-00C04F79EFBC}") = "CMT.DL.Core", "2. DL\CMT.DL.Core\CMT.DL.Core.csproj", "{26698056-842F-4F7E-8464-6E26066AC5A5}"
EndProject
Project("{FAE04EC0-301F-11D3-BF4B-00C04F79EFBC}") = "CMT.Core.UT", "6. UT\CMT.Core.UT\CMT.Core.UT.csproj", "{A96E92CB-7B37-401C-BABB-67597CF54833}"
EndProject
Project("{FAE04EC0-301F-11D3-BF4B-00C04F79EFBC}") = "CMT.Web", "5. UI\CMT.Web\CMT.Web.csproj", "{2AC24B2D-3BFC-4DBD-98E9-EEC9D68839F4}"
EndProject
Project("{2150E333-8FDC-42A3-9474-1A3956D46DE8}") = "Solution Items", "Solution Items", "{F1EA392E-7BC8-4F24-8D83-D1623C6908E9}"
	ProjectSection(SolutionItems) = preProject
		TestSettings.testsettings = TestSettings.testsettings
	EndProjectSection
EndProject
Project("{FAE04EC0-301F-11D3-BF4B-00C04F79EFBC}") = "CMT.BL.DataDistinctor", "3. BL\CMT.BL.DataDistinctor\CMT.BL.DataDistinctor.csproj", "{8BD2EFFC-DB97-4313-BA28-E83D0B747F42}"
EndProject
Project("{FAE04EC0-301F-11D3-BF4B-00C04F79EFBC}") = "CMT.BL.S3", "CMT.BL.S3\CMT.BL.S3.csproj", "{918D5699-7532-40C7-A060-761D30A145BB}"
EndProject
Project("{FAE04EC0-301F-11D3-BF4B-00C04F79EFBC}") = "CMT.PV.Security", "4. PV\CMT.PV.Security\CMT.PV.Security.csproj", "{74574430-F46C-4FA5-8174-8893DFCF7727}"
EndProject
Project("{FAE04EC0-301F-11D3-BF4B-00C04F79EFBC}") = "CMTFileCopy", "CMTFileCopy\CMTFileCopy.csproj", "{BE154540-D7DC-4CA2-8568-B828A28FE6E3}"
EndProject
Project("{FAE04EC0-301F-11D3-BF4B-00C04F79EFBC}") = "CMT.SchemaImporter", "ConsoleApplication1\CMT.SchemaImporter.csproj", "{2511A725-A2E8-409D-9779-6D07A70300E2}"
EndProject
Global
	GlobalSection(SolutionConfigurationPlatforms) = preSolution
		AWS_DEV|Any CPU = AWS_DEV|Any CPU
		AWS_PROD|Any CPU = AWS_PROD|Any CPU
		AWS_UAT|Any CPU = AWS_UAT|Any CPU
		Debug|Any CPU = Debug|Any CPU
		Release|Any CPU = Release|Any CPU
	EndGlobalSection
	GlobalSection(ProjectConfigurationPlatforms) = postSolution
		{ED68C3EE-C331-4BE6-8822-C965FE35C658}.AWS_DEV|Any CPU.ActiveCfg = AWS_DEV|Any CPU
		{ED68C3EE-C331-4BE6-8822-C965FE35C658}.AWS_DEV|Any CPU.Build.0 = AWS_DEV|Any CPU
		{ED68C3EE-C331-4BE6-8822-C965FE35C658}.AWS_PROD|Any CPU.ActiveCfg = AWS_PROD|Any CPU
		{ED68C3EE-C331-4BE6-8822-C965FE35C658}.AWS_PROD|Any CPU.Build.0 = AWS_PROD|Any CPU
		{ED68C3EE-C331-4BE6-8822-C965FE35C658}.AWS_UAT|Any CPU.ActiveCfg = AWS_UAT|Any CPU
		{ED68C3EE-C331-4BE6-8822-C965FE35C658}.AWS_UAT|Any CPU.Build.0 = AWS_UAT|Any CPU
		{ED68C3EE-C331-4BE6-8822-C965FE35C658}.Debug|Any CPU.ActiveCfg = Debug|Any CPU
		{ED68C3EE-C331-4BE6-8822-C965FE35C658}.Debug|Any CPU.Build.0 = Debug|Any CPU
		{ED68C3EE-C331-4BE6-8822-C965FE35C658}.Release|Any CPU.ActiveCfg = Release|Any CPU
		{ED68C3EE-C331-4BE6-8822-C965FE35C658}.Release|Any CPU.Build.0 = Release|Any CPU
		{9AFAF5E1-C187-4AC1-B52B-850BEC63A992}.AWS_DEV|Any CPU.ActiveCfg = AWS_DEV|Any CPU
		{9AFAF5E1-C187-4AC1-B52B-850BEC63A992}.AWS_DEV|Any CPU.Build.0 = AWS_DEV|Any CPU
		{9AFAF5E1-C187-4AC1-B52B-850BEC63A992}.AWS_PROD|Any CPU.ActiveCfg = AWS_PROD|Any CPU
		{9AFAF5E1-C187-4AC1-B52B-850BEC63A992}.AWS_PROD|Any CPU.Build.0 = AWS_PROD|Any CPU
		{9AFAF5E1-C187-4AC1-B52B-850BEC63A992}.AWS_UAT|Any CPU.ActiveCfg = AWS_UAT|Any CPU
		{9AFAF5E1-C187-4AC1-B52B-850BEC63A992}.AWS_UAT|Any CPU.Build.0 = AWS_UAT|Any CPU
		{9AFAF5E1-C187-4AC1-B52B-850BEC63A992}.Debug|Any CPU.ActiveCfg = Debug|Any CPU
		{9AFAF5E1-C187-4AC1-B52B-850BEC63A992}.Debug|Any CPU.Build.0 = Debug|Any CPU
		{9AFAF5E1-C187-4AC1-B52B-850BEC63A992}.Release|Any CPU.ActiveCfg = Release|Any CPU
		{9AFAF5E1-C187-4AC1-B52B-850BEC63A992}.Release|Any CPU.Build.0 = Release|Any CPU
		{60D49130-3B29-4EBC-BB41-54B0510F4907}.AWS_DEV|Any CPU.ActiveCfg = AWS_DEV|Any CPU
		{60D49130-3B29-4EBC-BB41-54B0510F4907}.AWS_DEV|Any CPU.Build.0 = AWS_DEV|Any CPU
		{60D49130-3B29-4EBC-BB41-54B0510F4907}.AWS_PROD|Any CPU.ActiveCfg = AWS_PROD|Any CPU
		{60D49130-3B29-4EBC-BB41-54B0510F4907}.AWS_PROD|Any CPU.Build.0 = AWS_PROD|Any CPU
		{60D49130-3B29-4EBC-BB41-54B0510F4907}.AWS_UAT|Any CPU.ActiveCfg = AWS_UAT|Any CPU
		{60D49130-3B29-4EBC-BB41-54B0510F4907}.AWS_UAT|Any CPU.Build.0 = AWS_UAT|Any CPU
		{60D49130-3B29-4EBC-BB41-54B0510F4907}.Debug|Any CPU.ActiveCfg = Debug|Any CPU
		{60D49130-3B29-4EBC-BB41-54B0510F4907}.Debug|Any CPU.Build.0 = Debug|Any CPU
		{60D49130-3B29-4EBC-BB41-54B0510F4907}.Release|Any CPU.ActiveCfg = Release|Any CPU
		{60D49130-3B29-4EBC-BB41-54B0510F4907}.Release|Any CPU.Build.0 = Release|Any CPU
		{FB52F1B1-44E0-411B-A77E-5184425B23E3}.AWS_DEV|Any CPU.ActiveCfg = AWS_DEV|Any CPU
		{FB52F1B1-44E0-411B-A77E-5184425B23E3}.AWS_DEV|Any CPU.Build.0 = AWS_DEV|Any CPU
		{FB52F1B1-44E0-411B-A77E-5184425B23E3}.AWS_PROD|Any CPU.ActiveCfg = AWS_PROD|Any CPU
		{FB52F1B1-44E0-411B-A77E-5184425B23E3}.AWS_PROD|Any CPU.Build.0 = AWS_PROD|Any CPU
		{FB52F1B1-44E0-411B-A77E-5184425B23E3}.AWS_UAT|Any CPU.ActiveCfg = AWS_UAT|Any CPU
		{FB52F1B1-44E0-411B-A77E-5184425B23E3}.AWS_UAT|Any CPU.Build.0 = AWS_UAT|Any CPU
		{FB52F1B1-44E0-411B-A77E-5184425B23E3}.Debug|Any CPU.ActiveCfg = Debug|Any CPU
		{FB52F1B1-44E0-411B-A77E-5184425B23E3}.Debug|Any CPU.Build.0 = Debug|Any CPU
		{FB52F1B1-44E0-411B-A77E-5184425B23E3}.Release|Any CPU.ActiveCfg = Release|Any CPU
		{FB52F1B1-44E0-411B-A77E-5184425B23E3}.Release|Any CPU.Build.0 = Release|Any CPU
		{E50AC7C0-C63C-46AD-AD0C-3BA1471BBDA8}.AWS_DEV|Any CPU.ActiveCfg = AWS_DEV|Any CPU
		{E50AC7C0-C63C-46AD-AD0C-3BA1471BBDA8}.AWS_DEV|Any CPU.Build.0 = AWS_DEV|Any CPU
		{E50AC7C0-C63C-46AD-AD0C-3BA1471BBDA8}.AWS_PROD|Any CPU.ActiveCfg = AWS_PROD|Any CPU
		{E50AC7C0-C63C-46AD-AD0C-3BA1471BBDA8}.AWS_PROD|Any CPU.Build.0 = AWS_PROD|Any CPU
		{E50AC7C0-C63C-46AD-AD0C-3BA1471BBDA8}.AWS_UAT|Any CPU.ActiveCfg = AWS_UAT|Any CPU
		{E50AC7C0-C63C-46AD-AD0C-3BA1471BBDA8}.AWS_UAT|Any CPU.Build.0 = AWS_UAT|Any CPU
		{E50AC7C0-C63C-46AD-AD0C-3BA1471BBDA8}.Debug|Any CPU.ActiveCfg = Debug|Any CPU
		{E50AC7C0-C63C-46AD-AD0C-3BA1471BBDA8}.Debug|Any CPU.Build.0 = Debug|Any CPU
		{E50AC7C0-C63C-46AD-AD0C-3BA1471BBDA8}.Release|Any CPU.ActiveCfg = Release|Any CPU
		{E50AC7C0-C63C-46AD-AD0C-3BA1471BBDA8}.Release|Any CPU.Build.0 = Release|Any CPU
		{315EA33B-828E-4320-8714-687F288BCCA8}.AWS_DEV|Any CPU.ActiveCfg = AWS_DEV|Any CPU
		{315EA33B-828E-4320-8714-687F288BCCA8}.AWS_DEV|Any CPU.Build.0 = AWS_DEV|Any CPU
		{315EA33B-828E-4320-8714-687F288BCCA8}.AWS_PROD|Any CPU.ActiveCfg = AWS_PROD|Any CPU
		{315EA33B-828E-4320-8714-687F288BCCA8}.AWS_PROD|Any CPU.Build.0 = AWS_PROD|Any CPU
		{315EA33B-828E-4320-8714-687F288BCCA8}.AWS_UAT|Any CPU.ActiveCfg = AWS_UAT|Any CPU
		{315EA33B-828E-4320-8714-687F288BCCA8}.AWS_UAT|Any CPU.Build.0 = AWS_UAT|Any CPU
		{315EA33B-828E-4320-8714-687F288BCCA8}.Debug|Any CPU.ActiveCfg = Debug|Any CPU
		{315EA33B-828E-4320-8714-687F288BCCA8}.Debug|Any CPU.Build.0 = Debug|Any CPU
		{315EA33B-828E-4320-8714-687F288BCCA8}.Release|Any CPU.ActiveCfg = Release|Any CPU
		{315EA33B-828E-4320-8714-687F288BCCA8}.Release|Any CPU.Build.0 = Release|Any CPU
		{62C7A9DD-9B8D-4B33-B7F9-5130387ECC94}.AWS_DEV|Any CPU.ActiveCfg = AWS_DEV|Any CPU
		{62C7A9DD-9B8D-4B33-B7F9-5130387ECC94}.AWS_DEV|Any CPU.Build.0 = AWS_DEV|Any CPU
		{62C7A9DD-9B8D-4B33-B7F9-5130387ECC94}.AWS_PROD|Any CPU.ActiveCfg = AWS_PROD|Any CPU
		{62C7A9DD-9B8D-4B33-B7F9-5130387ECC94}.AWS_PROD|Any CPU.Build.0 = AWS_PROD|Any CPU
		{62C7A9DD-9B8D-4B33-B7F9-5130387ECC94}.AWS_UAT|Any CPU.ActiveCfg = AWS_UAT|Any CPU
		{62C7A9DD-9B8D-4B33-B7F9-5130387ECC94}.AWS_UAT|Any CPU.Build.0 = AWS_UAT|Any CPU
		{62C7A9DD-9B8D-4B33-B7F9-5130387ECC94}.Debug|Any CPU.ActiveCfg = Debug|Any CPU
		{62C7A9DD-9B8D-4B33-B7F9-5130387ECC94}.Debug|Any CPU.Build.0 = Debug|Any CPU
		{62C7A9DD-9B8D-4B33-B7F9-5130387ECC94}.Release|Any CPU.ActiveCfg = Release|Any CPU
		{62C7A9DD-9B8D-4B33-B7F9-5130387ECC94}.Release|Any CPU.Build.0 = Release|Any CPU
		{26698056-842F-4F7E-8464-6E26066AC5A5}.AWS_DEV|Any CPU.ActiveCfg = AWS_DEV|Any CPU
		{26698056-842F-4F7E-8464-6E26066AC5A5}.AWS_DEV|Any CPU.Build.0 = AWS_DEV|Any CPU
		{26698056-842F-4F7E-8464-6E26066AC5A5}.AWS_PROD|Any CPU.ActiveCfg = AWS_PROD|Any CPU
		{26698056-842F-4F7E-8464-6E26066AC5A5}.AWS_PROD|Any CPU.Build.0 = AWS_PROD|Any CPU
		{26698056-842F-4F7E-8464-6E26066AC5A5}.AWS_UAT|Any CPU.ActiveCfg = AWS_UAT|Any CPU
		{26698056-842F-4F7E-8464-6E26066AC5A5}.AWS_UAT|Any CPU.Build.0 = AWS_UAT|Any CPU
		{26698056-842F-4F7E-8464-6E26066AC5A5}.Debug|Any CPU.ActiveCfg = Debug|Any CPU
		{26698056-842F-4F7E-8464-6E26066AC5A5}.Debug|Any CPU.Build.0 = Debug|Any CPU
		{26698056-842F-4F7E-8464-6E26066AC5A5}.Release|Any CPU.ActiveCfg = Release|Any CPU
		{26698056-842F-4F7E-8464-6E26066AC5A5}.Release|Any CPU.Build.0 = Release|Any CPU
		{A96E92CB-7B37-401C-BABB-67597CF54833}.AWS_DEV|Any CPU.ActiveCfg = AWS_DEV|Any CPU
		{A96E92CB-7B37-401C-BABB-67597CF54833}.AWS_DEV|Any CPU.Build.0 = AWS_DEV|Any CPU
		{A96E92CB-7B37-401C-BABB-67597CF54833}.AWS_PROD|Any CPU.ActiveCfg = AWS_PROD|Any CPU
		{A96E92CB-7B37-401C-BABB-67597CF54833}.AWS_PROD|Any CPU.Build.0 = AWS_PROD|Any CPU
		{A96E92CB-7B37-401C-BABB-67597CF54833}.AWS_UAT|Any CPU.ActiveCfg = AWS_UAT|Any CPU
		{A96E92CB-7B37-401C-BABB-67597CF54833}.AWS_UAT|Any CPU.Build.0 = AWS_UAT|Any CPU
		{A96E92CB-7B37-401C-BABB-67597CF54833}.Debug|Any CPU.ActiveCfg = Debug|Any CPU
		{A96E92CB-7B37-401C-BABB-67597CF54833}.Debug|Any CPU.Build.0 = Debug|Any CPU
		{A96E92CB-7B37-401C-BABB-67597CF54833}.Release|Any CPU.ActiveCfg = Release|Any CPU
		{A96E92CB-7B37-401C-BABB-67597CF54833}.Release|Any CPU.Build.0 = Release|Any CPU
		{2AC24B2D-3BFC-4DBD-98E9-EEC9D68839F4}.AWS_DEV|Any CPU.ActiveCfg = AWS_DEV|Any CPU
		{2AC24B2D-3BFC-4DBD-98E9-EEC9D68839F4}.AWS_DEV|Any CPU.Build.0 = AWS_DEV|Any CPU
		{2AC24B2D-3BFC-4DBD-98E9-EEC9D68839F4}.AWS_PROD|Any CPU.ActiveCfg = AWS_PROD|Any CPU
		{2AC24B2D-3BFC-4DBD-98E9-EEC9D68839F4}.AWS_PROD|Any CPU.Build.0 = AWS_PROD|Any CPU
		{2AC24B2D-3BFC-4DBD-98E9-EEC9D68839F4}.AWS_UAT|Any CPU.ActiveCfg = AWS_UAT|Any CPU
		{2AC24B2D-3BFC-4DBD-98E9-EEC9D68839F4}.AWS_UAT|Any CPU.Build.0 = AWS_UAT|Any CPU
		{2AC24B2D-3BFC-4DBD-98E9-EEC9D68839F4}.Debug|Any CPU.ActiveCfg = Debug|Any CPU
		{2AC24B2D-3BFC-4DBD-98E9-EEC9D68839F4}.Debug|Any CPU.Build.0 = Debug|Any CPU
		{2AC24B2D-3BFC-4DBD-98E9-EEC9D68839F4}.Release|Any CPU.ActiveCfg = Release|Any CPU
		{2AC24B2D-3BFC-4DBD-98E9-EEC9D68839F4}.Release|Any CPU.Build.0 = Release|Any CPU
		{8BD2EFFC-DB97-4313-BA28-E83D0B747F42}.AWS_DEV|Any CPU.ActiveCfg = AWS_DEV|Any CPU
		{8BD2EFFC-DB97-4313-BA28-E83D0B747F42}.AWS_DEV|Any CPU.Build.0 = AWS_DEV|Any CPU
		{8BD2EFFC-DB97-4313-BA28-E83D0B747F42}.AWS_PROD|Any CPU.ActiveCfg = AWS_PROD|Any CPU
		{8BD2EFFC-DB97-4313-BA28-E83D0B747F42}.AWS_PROD|Any CPU.Build.0 = AWS_PROD|Any CPU
		{8BD2EFFC-DB97-4313-BA28-E83D0B747F42}.AWS_UAT|Any CPU.ActiveCfg = AWS_UAT|Any CPU
		{8BD2EFFC-DB97-4313-BA28-E83D0B747F42}.AWS_UAT|Any CPU.Build.0 = AWS_UAT|Any CPU
		{8BD2EFFC-DB97-4313-BA28-E83D0B747F42}.Debug|Any CPU.ActiveCfg = Debug|Any CPU
		{8BD2EFFC-DB97-4313-BA28-E83D0B747F42}.Debug|Any CPU.Build.0 = Debug|Any CPU
		{8BD2EFFC-DB97-4313-BA28-E83D0B747F42}.Release|Any CPU.ActiveCfg = Release|Any CPU
		{8BD2EFFC-DB97-4313-BA28-E83D0B747F42}.Release|Any CPU.Build.0 = Release|Any CPU
		{918D5699-7532-40C7-A060-761D30A145BB}.AWS_DEV|Any CPU.ActiveCfg = AWS_DEV|Any CPU
		{918D5699-7532-40C7-A060-761D30A145BB}.AWS_DEV|Any CPU.Build.0 = AWS_DEV|Any CPU
		{918D5699-7532-40C7-A060-761D30A145BB}.AWS_PROD|Any CPU.ActiveCfg = AWS_PROD|Any CPU
		{918D5699-7532-40C7-A060-761D30A145BB}.AWS_PROD|Any CPU.Build.0 = AWS_PROD|Any CPU
		{918D5699-7532-40C7-A060-761D30A145BB}.AWS_UAT|Any CPU.ActiveCfg = AWS_UAT|Any CPU
		{918D5699-7532-40C7-A060-761D30A145BB}.AWS_UAT|Any CPU.Build.0 = AWS_UAT|Any CPU
		{918D5699-7532-40C7-A060-761D30A145BB}.Debug|Any CPU.ActiveCfg = Debug|Any CPU
		{918D5699-7532-40C7-A060-761D30A145BB}.Debug|Any CPU.Build.0 = Debug|Any CPU
		{918D5699-7532-40C7-A060-761D30A145BB}.Release|Any CPU.ActiveCfg = Release|Any CPU
		{918D5699-7532-40C7-A060-761D30A145BB}.Release|Any CPU.Build.0 = Release|Any CPU
		{74574430-F46C-4FA5-8174-8893DFCF7727}.AWS_DEV|Any CPU.ActiveCfg = AWS_DEV|Any CPU
		{74574430-F46C-4FA5-8174-8893DFCF7727}.AWS_DEV|Any CPU.Build.0 = AWS_DEV|Any CPU
		{74574430-F46C-4FA5-8174-8893DFCF7727}.AWS_PROD|Any CPU.ActiveCfg = AWS_PROD|Any CPU
		{74574430-F46C-4FA5-8174-8893DFCF7727}.AWS_PROD|Any CPU.Build.0 = AWS_PROD|Any CPU
		{74574430-F46C-4FA5-8174-8893DFCF7727}.AWS_UAT|Any CPU.ActiveCfg = AWS_UAT|Any CPU
		{74574430-F46C-4FA5-8174-8893DFCF7727}.AWS_UAT|Any CPU.Build.0 = AWS_UAT|Any CPU
		{74574430-F46C-4FA5-8174-8893DFCF7727}.Debug|Any CPU.ActiveCfg = Debug|Any CPU
		{74574430-F46C-4FA5-8174-8893DFCF7727}.Debug|Any CPU.Build.0 = Debug|Any CPU
		{74574430-F46C-4FA5-8174-8893DFCF7727}.Release|Any CPU.ActiveCfg = Release|Any CPU
		{74574430-F46C-4FA5-8174-8893DFCF7727}.Release|Any CPU.Build.0 = Release|Any CPU
		{BE154540-D7DC-4CA2-8568-B828A28FE6E3}.AWS_DEV|Any CPU.ActiveCfg = AWS_DEV|Any CPU
		{BE154540-D7DC-4CA2-8568-B828A28FE6E3}.AWS_DEV|Any CPU.Build.0 = AWS_DEV|Any CPU
		{BE154540-D7DC-4CA2-8568-B828A28FE6E3}.AWS_PROD|Any CPU.ActiveCfg = AWS_PROD|Any CPU
		{BE154540-D7DC-4CA2-8568-B828A28FE6E3}.AWS_PROD|Any CPU.Build.0 = AWS_PROD|Any CPU
		{BE154540-D7DC-4CA2-8568-B828A28FE6E3}.AWS_UAT|Any CPU.ActiveCfg = AWS_UAT|Any CPU
		{BE154540-D7DC-4CA2-8568-B828A28FE6E3}.AWS_UAT|Any CPU.Build.0 = AWS_UAT|Any CPU
		{BE154540-D7DC-4CA2-8568-B828A28FE6E3}.Debug|Any CPU.ActiveCfg = Debug|Any CPU
		{BE154540-D7DC-4CA2-8568-B828A28FE6E3}.Debug|Any CPU.Build.0 = Debug|Any CPU
		{BE154540-D7DC-4CA2-8568-B828A28FE6E3}.Release|Any CPU.ActiveCfg = Release|Any CPU
		{BE154540-D7DC-4CA2-8568-B828A28FE6E3}.Release|Any CPU.Build.0 = Release|Any CPU
		{2511A725-A2E8-409D-9779-6D07A70300E2}.AWS_DEV|Any CPU.ActiveCfg = AWS_DEV|Any CPU
		{2511A725-A2E8-409D-9779-6D07A70300E2}.AWS_DEV|Any CPU.Build.0 = AWS_DEV|Any CPU
		{2511A725-A2E8-409D-9779-6D07A70300E2}.AWS_PROD|Any CPU.ActiveCfg = AWS_PROD|Any CPU
		{2511A725-A2E8-409D-9779-6D07A70300E2}.AWS_PROD|Any CPU.Build.0 = AWS_PROD|Any CPU
		{2511A725-A2E8-409D-9779-6D07A70300E2}.AWS_UAT|Any CPU.ActiveCfg = AWS_UAT|Any CPU
		{2511A725-A2E8-409D-9779-6D07A70300E2}.AWS_UAT|Any CPU.Build.0 = AWS_UAT|Any CPU
		{2511A725-A2E8-409D-9779-6D07A70300E2}.Debug|Any CPU.ActiveCfg = Debug|Any CPU
		{2511A725-A2E8-409D-9779-6D07A70300E2}.Debug|Any CPU.Build.0 = Debug|Any CPU
		{2511A725-A2E8-409D-9779-6D07A70300E2}.Release|Any CPU.ActiveCfg = Release|Any CPU
		{2511A725-A2E8-409D-9779-6D07A70300E2}.Release|Any CPU.Build.0 = Release|Any CPU
	EndGlobalSection
	GlobalSection(SolutionProperties) = preSolution
		HideSolutionNode = FALSE
	EndGlobalSection
	GlobalSection(NestedProjects) = preSolution
		{ED68C3EE-C331-4BE6-8822-C965FE35C658} = {B5BDFB85-51FA-4E28-B692-8BAE7AE33DE0}
		{9AFAF5E1-C187-4AC1-B52B-850BEC63A992} = {EE826E82-C3F0-4AEB-9C14-50F8511EAC98}
		{60D49130-3B29-4EBC-BB41-54B0510F4907} = {BFC78C08-4B45-4939-B381-B7E7FAAE7C10}
		{FB52F1B1-44E0-411B-A77E-5184425B23E3} = {953A901A-1120-4988-A679-886B68E66D91}
		{E50AC7C0-C63C-46AD-AD0C-3BA1471BBDA8} = {92C12C49-EC36-4627-AA09-52DB4CB34AAA}
		{315EA33B-828E-4320-8714-687F288BCCA8} = {BFC78C08-4B45-4939-B381-B7E7FAAE7C10}
		{62C7A9DD-9B8D-4B33-B7F9-5130387ECC94} = {2F3DAD75-B17D-4C04-9355-7EB6EAB8E786}
		{26698056-842F-4F7E-8464-6E26066AC5A5} = {EE826E82-C3F0-4AEB-9C14-50F8511EAC98}
		{A96E92CB-7B37-401C-BABB-67597CF54833} = {953A901A-1120-4988-A679-886B68E66D91}
		{2AC24B2D-3BFC-4DBD-98E9-EEC9D68839F4} = {2F3DAD75-B17D-4C04-9355-7EB6EAB8E786}
		{8BD2EFFC-DB97-4313-BA28-E83D0B747F42} = {BFC78C08-4B45-4939-B381-B7E7FAAE7C10}
		{918D5699-7532-40C7-A060-761D30A145BB} = {BFC78C08-4B45-4939-B381-B7E7FAAE7C10}
		{74574430-F46C-4FA5-8174-8893DFCF7727} = {9E7F0F48-26EC-4593-9708-13E75DF12802}
		{BE154540-D7DC-4CA2-8568-B828A28FE6E3} = {F1EA392E-7BC8-4F24-8D83-D1623C6908E9}
		{2511A725-A2E8-409D-9779-6D07A70300E2} = {F1EA392E-7BC8-4F24-8D83-D1623C6908E9}
	EndGlobalSection
	GlobalSection(ExtensibilityGlobals) = postSolution
		SolutionGuid = {E1412092-E6E0-41E8-8CB9-FD8DFE24046B}
	EndGlobalSection
EndGlobal
